
Microsoft Visual Studio Solution File, Format Version 12.00
# Visual Studio 14
VisualStudioVersion = 14.0.25420.1
MinimumVisualStudioVersion = 10.0.40219.1
Project("{8BB2217D-0F2D-49D1-97BC-3654ED321F3B}") = "Trade.UI.Console", "Trade.UI.Console\Trade.UI.Console.xproj", "{24522ACD-2D97-40E5-9A3E-A42B1750BA14}"
EndProject
Project("{8BB2217D-0F2D-49D1-97BC-3654ED321F3B}") = "Trade.UI.Batch", "Trade.UI.Batch\Trade.UI.Batch.xproj", "{17FE6B66-B332-4C71-8B1D-299802C6B0C7}"
EndProject
Project("{8BB2217D-0F2D-49D1-97BC-3654ED321F3B}") = "Trade.UI.Web", "Trade.UI.Web\Trade.UI.Web.xproj", "{41708CA4-D1DF-4ACB-A975-6002D8BB3FDE}"
EndProject
Project("{8BB2217D-0F2D-49D1-97BC-3654ED321F3B}") = "Trade.Infra.Contract", "Trade.Infra.Contract\Trade.Infra.Contract.xproj", "{B59A741F-8A00-4FAD-B199-434A7CC2927E}"
EndProject
Project("{8BB2217D-0F2D-49D1-97BC-3654ED321F3B}") = "Trade.Infra.EF", "Trade.Infra.EF\Trade.Infra.EF.xproj", "{8EA2D180-1773-4082-A06E-7E076A7ABDDB}"
EndProject
Project("{8BB2217D-0F2D-49D1-97BC-3654ED321F3B}") = "Trade.App.Web", "Trade.App.Web\Trade.App.Web.xproj", "{7C21C46C-0474-4315-BAB4-D3455C9C9D34}"
EndProject
Project("{8BB2217D-0F2D-49D1-97BC-3654ED321F3B}") = "Trade.Infra.JsonNet", "Trade.Infra.JsonNet\Trade.Infra.JsonNet.xproj", "{6A965604-DABF-40FE-83FD-0AE12ACAC273}"
EndProject
Project("{8BB2217D-0F2D-49D1-97BC-3654ED321F3B}") = "Trade.Domain", "Trade.Domain\Trade.Domain.xproj", "{86538CF0-0285-4C74-A759-2CECEB922558}"
EndProject
Project("{8BB2217D-0F2D-49D1-97BC-3654ED321F3B}") = "Trade.Infra.Core", "Trade.Infra.Core\Trade.Infra.Core.xproj", "{B9FE58BA-AD05-4957-A0E1-A14BA2D599E1}"
EndProject
Global
	GlobalSection(SolutionConfigurationPlatforms) = preSolution
		Debug|Any CPU = Debug|Any CPU
		Release|Any CPU = Release|Any CPU
	EndGlobalSection
	GlobalSection(ProjectConfigurationPlatforms) = postSolution
		{24522ACD-2D97-40E5-9A3E-A42B1750BA14}.Debug|Any CPU.ActiveCfg = Debug|Any CPU
		{24522ACD-2D97-40E5-9A3E-A42B1750BA14}.Debug|Any CPU.Build.0 = Debug|Any CPU
		{24522ACD-2D97-40E5-9A3E-A42B1750BA14}.Release|Any CPU.ActiveCfg = Release|Any CPU
		{24522ACD-2D97-40E5-9A3E-A42B1750BA14}.Release|Any CPU.Build.0 = Release|Any CPU
		{17FE6B66-B332-4C71-8B1D-299802C6B0C7}.Debug|Any CPU.ActiveCfg = Debug|Any CPU
		{17FE6B66-B332-4C71-8B1D-299802C6B0C7}.Debug|Any CPU.Build.0 = Debug|Any CPU
		{17FE6B66-B332-4C71-8B1D-299802C6B0C7}.Release|Any CPU.ActiveCfg = Release|Any CPU
		{17FE6B66-B332-4C71-8B1D-299802C6B0C7}.Release|Any CPU.Build.0 = Release|Any CPU
		{41708CA4-D1DF-4ACB-A975-6002D8BB3FDE}.Debug|Any CPU.ActiveCfg = Debug|Any CPU
		{41708CA4-D1DF-4ACB-A975-6002D8BB3FDE}.Debug|Any CPU.Build.0 = Debug|Any CPU
		{41708CA4-D1DF-4ACB-A975-6002D8BB3FDE}.Release|Any CPU.ActiveCfg = Release|Any CPU
		{41708CA4-D1DF-4ACB-A975-6002D8BB3FDE}.Release|Any CPU.Build.0 = Release|Any CPU
		{B59A741F-8A00-4FAD-B199-434A7CC2927E}.Debug|Any CPU.ActiveCfg = Debug|Any CPU
		{B59A741F-8A00-4FAD-B199-434A7CC2927E}.Debug|Any CPU.Build.0 = Debug|Any CPU
		{B59A741F-8A00-4FAD-B199-434A7CC2927E}.Release|Any CPU.ActiveCfg = Release|Any CPU
		{B59A741F-8A00-4FAD-B199-434A7CC2927E}.Release|Any CPU.Build.0 = Release|Any CPU
		{8EA2D180-1773-4082-A06E-7E076A7ABDDB}.Debug|Any CPU.ActiveCfg = Debug|Any CPU
		{8EA2D180-1773-4082-A06E-7E076A7ABDDB}.Debug|Any CPU.Build.0 = Debug|Any CPU
		{8EA2D180-1773-4082-A06E-7E076A7ABDDB}.Release|Any CPU.ActiveCfg = Release|Any CPU
		{8EA2D180-1773-4082-A06E-7E076A7ABDDB}.Release|Any CPU.Build.0 = Release|Any CPU
		{7C21C46C-0474-4315-BAB4-D3455C9C9D34}.Debug|Any CPU.ActiveCfg = Debug|Any CPU
		{7C21C46C-0474-4315-BAB4-D3455C9C9D34}.Debug|Any CPU.Build.0 = Debug|Any CPU
		{7C21C46C-0474-4315-BAB4-D3455C9C9D34}.Release|Any CPU.ActiveCfg = Release|Any CPU
		{7C21C46C-0474-4315-BAB4-D3455C9C9D34}.Release|Any CPU.Build.0 = Release|Any CPU
		{6A965604-DABF-40FE-83FD-0AE12ACAC273}.Debug|Any CPU.ActiveCfg = Debug|Any CPU
		{6A965604-DABF-40FE-83FD-0AE12ACAC273}.Debug|Any CPU.Build.0 = Debug|Any CPU
		{6A965604-DABF-40FE-83FD-0AE12ACAC273}.Release|Any CPU.ActiveCfg = Release|Any CPU
		{6A965604-DABF-40FE-83FD-0AE12ACAC273}.Release|Any CPU.Build.0 = Release|Any CPU
		{86538CF0-0285-4C74-A759-2CECEB922558}.Debug|Any CPU.ActiveCfg = Debug|Any CPU
		{86538CF0-0285-4C74-A759-2CECEB922558}.Debug|Any CPU.Build.0 = Debug|Any CPU
		{86538CF0-0285-4C74-A759-2CECEB922558}.Release|Any CPU.ActiveCfg = Release|Any CPU
		{86538CF0-0285-4C74-A759-2CECEB922558}.Release|Any CPU.Build.0 = Release|Any CPU
		{B9FE58BA-AD05-4957-A0E1-A14BA2D599E1}.Debug|Any CPU.ActiveCfg = Debug|Any CPU
		{B9FE58BA-AD05-4957-A0E1-A14BA2D599E1}.Debug|Any CPU.Build.0 = Debug|Any CPU
		{B9FE58BA-AD05-4957-A0E1-A14BA2D599E1}.Release|Any CPU.ActiveCfg = Release|Any CPU
		{B9FE58BA-AD05-4957-A0E1-A14BA2D599E1}.Release|Any CPU.Build.0 = Release|Any CPU
	EndGlobalSection
	GlobalSection(SolutionProperties) = preSolution
		HideSolutionNode = FALSE
	EndGlobalSection
EndGlobal
